
Microsoft Visual Studio Solution File, Format Version 12.00
# Visual Studio Version 16
VisualStudioVersion = 16.0.30611.23
MinimumVisualStudioVersion = 10.0.40219.1
Project("{F184B08F-C81C-45F6-A57F-5ABD9991F28F}") = "TrackManager", "TrackManager\TrackManager.vbproj", "{841D0847-1C82-4E7C-850E-AB799FE830D5}"
EndProject
Project("{F184B08F-C81C-45F6-A57F-5ABD9991F28F}") = "TMDB", "TMDB\TMDB.vbproj", "{EEF08819-E858-4AE1-BF91-F97C390DAE17}"
EndProject
Project("{54435603-DBB4-11D2-8724-00A0C9A8B90C}") = "SetupTrackManager", "SetupTrackManager\SetupTrackManager.vdproj", "{9978586F-29C4-4EAF-B84D-F7D4058DC3B2}"
EndProject
Global
	GlobalSection(SolutionConfigurationPlatforms) = preSolution
		CD_ROM|Any CPU = CD_ROM|Any CPU
		Debug|Any CPU = Debug|Any CPU
		DVD-5|Any CPU = DVD-5|Any CPU
		Release|Any CPU = Release|Any CPU
		SingleImage|Any CPU = SingleImage|Any CPU
	EndGlobalSection
	GlobalSection(ProjectConfigurationPlatforms) = postSolution
		{841D0847-1C82-4E7C-850E-AB799FE830D5}.CD_ROM|Any CPU.ActiveCfg = Release|Any CPU
		{841D0847-1C82-4E7C-850E-AB799FE830D5}.CD_ROM|Any CPU.Build.0 = Release|Any CPU
		{841D0847-1C82-4E7C-850E-AB799FE830D5}.Debug|Any CPU.ActiveCfg = Debug|Any CPU
		{841D0847-1C82-4E7C-850E-AB799FE830D5}.Debug|Any CPU.Build.0 = Debug|Any CPU
		{841D0847-1C82-4E7C-850E-AB799FE830D5}.DVD-5|Any CPU.ActiveCfg = Debug|Any CPU
		{841D0847-1C82-4E7C-850E-AB799FE830D5}.DVD-5|Any CPU.Build.0 = Debug|Any CPU
		{841D0847-1C82-4E7C-850E-AB799FE830D5}.Release|Any CPU.ActiveCfg = Release|Any CPU
		{841D0847-1C82-4E7C-850E-AB799FE830D5}.Release|Any CPU.Build.0 = Release|Any CPU
		{841D0847-1C82-4E7C-850E-AB799FE830D5}.SingleImage|Any CPU.ActiveCfg = Release|Any CPU
		{841D0847-1C82-4E7C-850E-AB799FE830D5}.SingleImage|Any CPU.Build.0 = Release|Any CPU
		{EEF08819-E858-4AE1-BF91-F97C390DAE17}.CD_ROM|Any CPU.ActiveCfg = Release|Any CPU
		{EEF08819-E858-4AE1-BF91-F97C390DAE17}.CD_ROM|Any CPU.Build.0 = Release|Any CPU
		{EEF08819-E858-4AE1-BF91-F97C390DAE17}.Debug|Any CPU.ActiveCfg = Debug|Any CPU
		{EEF08819-E858-4AE1-BF91-F97C390DAE17}.Debug|Any CPU.Build.0 = Debug|Any CPU
		{EEF08819-E858-4AE1-BF91-F97C390DAE17}.DVD-5|Any CPU.ActiveCfg = Debug|Any CPU
		{EEF08819-E858-4AE1-BF91-F97C390DAE17}.DVD-5|Any CPU.Build.0 = Debug|Any CPU
		{EEF08819-E858-4AE1-BF91-F97C390DAE17}.Release|Any CPU.ActiveCfg = Release|Any CPU
		{EEF08819-E858-4AE1-BF91-F97C390DAE17}.Release|Any CPU.Build.0 = Release|Any CPU
		{EEF08819-E858-4AE1-BF91-F97C390DAE17}.SingleImage|Any CPU.ActiveCfg = Release|Any CPU
		{EEF08819-E858-4AE1-BF91-F97C390DAE17}.SingleImage|Any CPU.Build.0 = Release|Any CPU
		{9978586F-29C4-4EAF-B84D-F7D4058DC3B2}.CD_ROM|Any CPU.ActiveCfg = Debug
		{9978586F-29C4-4EAF-B84D-F7D4058DC3B2}.Debug|Any CPU.ActiveCfg = Debug
		{9978586F-29C4-4EAF-B84D-F7D4058DC3B2}.DVD-5|Any CPU.ActiveCfg = Debug
		{9978586F-29C4-4EAF-B84D-F7D4058DC3B2}.Release|Any CPU.ActiveCfg = Release
		{9978586F-29C4-4EAF-B84D-F7D4058DC3B2}.SingleImage|Any CPU.ActiveCfg = Debug
	EndGlobalSection
	GlobalSection(SolutionProperties) = preSolution
		HideSolutionNode = FALSE
	EndGlobalSection
	GlobalSection(ExtensibilityGlobals) = postSolution
		BuildVersion_UpdateFileVersion = True
		BuildVersion_UpdateAssemblyVersion = True
		BuildVersion_ConfigurationName = Release
		BuildVersion_BuildAction = Build
		BuildVersion_BuildVersioningStyle = None.None.Increment.Increment
		BuildVersion_StartDate = 2012/1/1
		SolutionGuid = {C1B9E0B2-1191-4B11-8D6E-7BF76A84C4A3}
	EndGlobalSection
EndGlobal
