
Microsoft Visual Studio Solution File, Format Version 12.00
# Visual Studio 2012
Project("{F184B08F-C81C-45F6-A57F-5ABD9991F28F}") = "TrackManager", "TrackManager\TrackManager.vbproj", "{841D0847-1C82-4E7C-850E-AB799FE830D5}"
EndProject
Project("{F184B08F-C81C-45F6-A57F-5ABD9991F28F}") = "TMDB", "TMDB\TMDB.vbproj", "{EEF08819-E858-4AE1-BF91-F97C390DAE17}"
EndProject
Global
	GlobalSection(SolutionConfigurationPlatforms) = preSolution
		CD_ROM|Any CPU = CD_ROM|Any CPU
		Debug|Any CPU = Debug|Any CPU
		DVD-5|Any CPU = DVD-5|Any CPU
		Release|Any CPU = Release|Any CPU
		SingleImage|Any CPU = SingleImage|Any CPU
	EndGlobalSection
	GlobalSection(ProjectConfigurationPlatforms) = postSolution
		{841D0847-1C82-4E7C-850E-AB799FE830D5}.CD_ROM|Any CPU.ActiveCfg = Release|Any CPU
		{841D0847-1C82-4E7C-850E-AB799FE830D5}.CD_ROM|Any CPU.Build.0 = Release|Any CPU
		{841D0847-1C82-4E7C-850E-AB799FE830D5}.Debug|Any CPU.ActiveCfg = Debug|Any CPU
		{841D0847-1C82-4E7C-850E-AB799FE830D5}.Debug|Any CPU.Build.0 = Debug|Any CPU
		{841D0847-1C82-4E7C-850E-AB799FE830D5}.DVD-5|Any CPU.ActiveCfg = Debug|Any CPU
		{841D0847-1C82-4E7C-850E-AB799FE830D5}.DVD-5|Any CPU.Build.0 = Debug|Any CPU
		{841D0847-1C82-4E7C-850E-AB799FE830D5}.Release|Any CPU.ActiveCfg = Release|Any CPU
		{841D0847-1C82-4E7C-850E-AB799FE830D5}.Release|Any CPU.Build.0 = Release|Any CPU
		{841D0847-1C82-4E7C-850E-AB799FE830D5}.SingleImage|Any CPU.ActiveCfg = Release|Any CPU
		{841D0847-1C82-4E7C-850E-AB799FE830D5}.SingleImage|Any CPU.Build.0 = Release|Any CPU
		{EEF08819-E858-4AE1-BF91-F97C390DAE17}.CD_ROM|Any CPU.ActiveCfg = Release|Any CPU
		{EEF08819-E858-4AE1-BF91-F97C390DAE17}.CD_ROM|Any CPU.Build.0 = Release|Any CPU
		{EEF08819-E858-4AE1-BF91-F97C390DAE17}.Debug|Any CPU.ActiveCfg = Debug|Any CPU
		{EEF08819-E858-4AE1-BF91-F97C390DAE17}.Debug|Any CPU.Build.0 = Debug|Any CPU
		{EEF08819-E858-4AE1-BF91-F97C390DAE17}.DVD-5|Any CPU.ActiveCfg = Debug|Any CPU
		{EEF08819-E858-4AE1-BF91-F97C390DAE17}.DVD-5|Any CPU.Build.0 = Debug|Any CPU
		{EEF08819-E858-4AE1-BF91-F97C390DAE17}.Release|Any CPU.ActiveCfg = Release|Any CPU
		{EEF08819-E858-4AE1-BF91-F97C390DAE17}.Release|Any CPU.Build.0 = Release|Any CPU
		{EEF08819-E858-4AE1-BF91-F97C390DAE17}.SingleImage|Any CPU.ActiveCfg = Release|Any CPU
		{EEF08819-E858-4AE1-BF91-F97C390DAE17}.SingleImage|Any CPU.Build.0 = Release|Any CPU
	EndGlobalSection
	GlobalSection(SolutionProperties) = preSolution
		HideSolutionNode = FALSE
	EndGlobalSection
	GlobalSection(ExtensibilityGlobals) = postSolution
		BuildVersion_StartDate = 2012/1/1
		BuildVersion_BuildVersioningStyle = None.None.Increment.Increment
		BuildVersion_BuildAction = Build
		BuildVersion_ConfigurationName = Release
		BuildVersion_UpdateAssemblyVersion = True
		BuildVersion_UpdateFileVersion = True
	EndGlobalSection
EndGlobal
